{
  "name": "mirasai",
  "version": "0.8.1",
  "lockfileVersion": 3,
  "requires": true,
  "packages": {
    "": {
      "name": "mirasai",
      "version": "0.8.1",
      "workspaces": [
        "packages/*"
      ],
      "engines": {
        "node": ">=20"
      }
    },
    "node_modules/@miras/mirasai-contract": {
      "resolved": "packages/mirasai-contract",
      "link": true
    },
    "node_modules/@miras/mirasai-joomla": {
      "resolved": "packages/mirasai-joomla",
      "link": true
    },
    "node_modules/@miras/mirasai-mcp": {
      "resolved": "packages/mirasai-mcp",
      "link": true
    },
    "node_modules/@miras/mirasai-wp": {
      "resolved": "packages/mirasai-wp",
      "link": true
    },
    "packages/mirasai-contract": {
      "name": "@miras/mirasai-contract",
      "version": "0.8.1",
      "engines": {
        "node": ">=20"
      }
    },
    "packages/mirasai-joomla": {
      "name": "@miras/mirasai-joomla",
      "version": "0.8.1"
    },
    "packages/mirasai-mcp": {
      "name": "@miras/mirasai-mcp",
      "version": "0.8.1",
      "bin": {
        "mirasai-mcp": "bin/mirasai-mcp.mjs"
      },
      "engines": {
        "node": ">=20"
      }
    },
    "packages/mirasai-wp": {
      "name": "@miras/mirasai-wp",
      "version": "0.8.1"
    }
  }
}
